
Microsoft Visual Studio Solution File, Format Version 12.00
# Visual Studio Version 16
VisualStudioVersion = 16.0.29201.188
MinimumVisualStudioVersion = 10.0.40219.1
Project("{FAE04EC0-301F-11D3-BF4B-00C04F79EFBC}") = "encryptorCS", "encryptorCS\encryptorCS.csproj", "{2C130A4A-1D5F-487A-9606-D321BDDAB8E2}"
EndProject
Global
	GlobalSection(SolutionConfigurationPlatforms) = preSolution
		Debug|Any CPU = Debug|Any CPU
		Release|Any CPU = Release|Any CPU
	EndGlobalSection
	GlobalSection(ProjectConfigurationPlatforms) = postSolution
		{2C130A4A-1D5F-487A-9606-D321BDDAB8E2}.Debug|Any CPU.ActiveCfg = Debug|Any CPU
		{2C130A4A-1D5F-487A-9606-D321BDDAB8E2}.Debug|Any CPU.Build.0 = Debug|Any CPU
		{2C130A4A-1D5F-487A-9606-D321BDDAB8E2}.Release|Any CPU.ActiveCfg = Release|Any CPU
		{2C130A4A-1D5F-487A-9606-D321BDDAB8E2}.Release|Any CPU.Build.0 = Release|Any CPU
	EndGlobalSection
	GlobalSection(SolutionProperties) = preSolution
		HideSolutionNode = FALSE
	EndGlobalSection
	GlobalSection(ExtensibilityGlobals) = postSolution
		SolutionGuid = {5EC4420E-5543-4053-B755-51BC5FA9E18A}
	EndGlobalSection
EndGlobal
